{
  "lockfileVersion": 1,
  "workspaces": {
    "": {
      "name": "test",
      "dependencies": {
        "lodash": "^4.17.21",
      },
    },
  },
  "packages": {
    "lodash": ["lodash@4.17.23", "", {}, "sha512-LgVTMpQtIopCi79SJeDiP0TfWi5CNEc/L/aRdTh3yIvmZXTnheWpKjSZhnvMl8iXbC1tFg9gdHHDMLoV7CnG+w=="],
  }
}
